// !$*UTF8*$!
{
	archiveVersion = 1;
	classes = {
	};
	objectVersion = 46;
	objects = {

/* Begin PBXBuildFile section */
		224B09E51FB36521004B1BF0 /* Events.storyboard in Resources */ = {isa = PBXBuildFile; fileRef = 224B09E41FB36521004B1BF0 /* Events.storyboard */; };
		224B09E91FB37365004B1BF0 /* EventsViewController.swift in Sources */ = {isa = PBXBuildFile; fileRef = 224B09E81FB37365004B1BF0 /* EventsViewController.swift */; };
		224B09EB1FB376E6004B1BF0 /* EventsTableViewController.swift in Sources */ = {isa = PBXBuildFile; fileRef = 224B09EA1FB376E6004B1BF0 /* EventsTableViewController.swift */; };
		224B09ED1FB37773004B1BF0 /* EventsGalleryViewController.swift in Sources */ = {isa = PBXBuildFile; fileRef = 224B09EC1FB37773004B1BF0 /* EventsGalleryViewController.swift */; };
		224B09F11FB37D5B004B1BF0 /* EventCollectionViewCell.swift in Sources */ = {isa = PBXBuildFile; fileRef = 224B09F01FB37D5B004B1BF0 /* EventCollectionViewCell.swift */; };
		224B09F31FB37E4F004B1BF0 /* EventTableViewCell.swift in Sources */ = {isa = PBXBuildFile; fileRef = 224B09F21FB37E4F004B1BF0 /* EventTableViewCell.swift */; };
		224B09F51FB37F98004B1BF0 /* ShowEventViewController.swift in Sources */ = {isa = PBXBuildFile; fileRef = 224B09F41FB37F98004B1BF0 /* ShowEventViewController.swift */; };
		224B09F71FB38331004B1BF0 /* Event.swift in Sources */ = {isa = PBXBuildFile; fileRef = 224B09F61FB38331004B1BF0 /* Event.swift */; };
		22582E151FB4DAB500E3BEAF /* AddEventViewController.swift in Sources */ = {isa = PBXBuildFile; fileRef = 22582E141FB4DAB500E3BEAF /* AddEventViewController.swift */; };
		225842A91FBCAE09003B9F64 /* Game.storyboard in Resources */ = {isa = PBXBuildFile; fileRef = 225842A81FBCAE09003B9F64 /* Game.storyboard */; };
		225842AB1FBCAE19003B9F64 /* Media.xcassets in Resources */ = {isa = PBXBuildFile; fileRef = 225842AA1FBCAE19003B9F64 /* Media.xcassets */; };
		225842AD1FBD6052003B9F64 /* GameViewController.swift in Sources */ = {isa = PBXBuildFile; fileRef = 225842AC1FBD6052003B9F64 /* GameViewController.swift */; };
		225842AF1FBD60A4003B9F64 /* GameConfigurationViewController.swift in Sources */ = {isa = PBXBuildFile; fileRef = 225842AE1FBD60A4003B9F64 /* GameConfigurationViewController.swift */; };
		225842B11FBD6B50003B9F64 /* GameQuestionsViewController.swift in Sources */ = {isa = PBXBuildFile; fileRef = 225842B01FBD6B50003B9F64 /* GameQuestionsViewController.swift */; };
		225842B31FBD742E003B9F64 /* Question.swift in Sources */ = {isa = PBXBuildFile; fileRef = 225842B21FBD742E003B9F64 /* Question.swift */; };
		2275CD5D1FB83DC000B3BD5B /* EditEventViewController.swift in Sources */ = {isa = PBXBuildFile; fileRef = 2275CD5C1FB83DC000B3BD5B /* EditEventViewController.swift */; };
		22E281C81FB3A664008376C1 /* EventOverlayView.swift in Sources */ = {isa = PBXBuildFile; fileRef = 22E281C61FB3A664008376C1 /* EventOverlayView.swift */; };
		22E281C91FB3A664008376C1 /* EventOverlayView.xib in Resources */ = {isa = PBXBuildFile; fileRef = 22E281C71FB3A664008376C1 /* EventOverlayView.xib */; };
		618136D8793AAE6BFB13F204 /* Pods_MisRecuerdos.framework in Frameworks */ = {isa = PBXBuildFile; fileRef = 03B2DB62BAECCC0E5D33724B /* Pods_MisRecuerdos.framework */; };
		AD3419401FBED00A003EA195 /* Apple Pay Success Sound Effect.mp3 in Resources */ = {isa = PBXBuildFile; fileRef = AD34193D1FBED00A003EA195 /* Apple Pay Success Sound Effect.mp3 */; };
		AD3419411FBED00A003EA195 /* Correct Answer 2 Sound Effect.mp3 in Resources */ = {isa = PBXBuildFile; fileRef = AD34193E1FBED00A003EA195 /* Correct Answer 2 Sound Effect.mp3 */; };
		AD3419421FBED00A003EA195 /* Correct Answer 3 Sound Effect.mp3 in Resources */ = {isa = PBXBuildFile; fileRef = AD34193F1FBED00A003EA195 /* Correct Answer 3 Sound Effect.mp3 */; };
		AD4ADD4E1F9D00880071C6F1 /* Login.storyboard in Resources */ = {isa = PBXBuildFile; fileRef = AD4ADD4D1F9D00880071C6F1 /* Login.storyboard */; };
		AD4ADD501F9D04EB0071C6F1 /* LoginViewController.swift in Sources */ = {isa = PBXBuildFile; fileRef = AD4ADD4F1F9D04EB0071C6F1 /* LoginViewController.swift */; };
		AD7D99941FABB86900B319D2 /* Contacts.storyboard in Resources */ = {isa = PBXBuildFile; fileRef = AD7D99931FABB86900B319D2 /* Contacts.storyboard */; };
		AD7D99961FABCF3100B319D2 /* RoundedView.swift in Sources */ = {isa = PBXBuildFile; fileRef = AD7D99951FABCF3100B319D2 /* RoundedView.swift */; };
		AD7D99981FABD8E200B319D2 /* ContactsViewController.swift in Sources */ = {isa = PBXBuildFile; fileRef = AD7D99971FABD8E200B319D2 /* ContactsViewController.swift */; };
		AD7D999A1FABDD6D00B319D2 /* AddContactViewController.swift in Sources */ = {isa = PBXBuildFile; fileRef = AD7D99991FABDD6D00B319D2 /* AddContactViewController.swift */; };
		AD7D999C1FABE2A100B319D2 /* Contact.swift in Sources */ = {isa = PBXBuildFile; fileRef = AD7D999B1FABE2A100B319D2 /* Contact.swift */; };
		AD89943E1FB0BD6800FD60AE /* EditContactViewController.swift in Sources */ = {isa = PBXBuildFile; fileRef = AD89943D1FB0BD6800FD60AE /* EditContactViewController.swift */; };
		AD9750041F9AFC2400E81BB6 /* AppDelegate.swift in Sources */ = {isa = PBXBuildFile; fileRef = AD9750031F9AFC2400E81BB6 /* AppDelegate.swift */; };
		AD9750061F9AFC2500E81BB6 /* ViewController.swift in Sources */ = {isa = PBXBuildFile; fileRef = AD9750051F9AFC2500E81BB6 /* ViewController.swift */; };
		AD9750091F9AFC2B00E81BB6 /* Main.storyboard in Resources */ = {isa = PBXBuildFile; fileRef = AD9750071F9AFC2B00E81BB6 /* Main.storyboard */; };
		AD97500B1F9AFC2E00E81BB6 /* Assets.xcassets in Resources */ = {isa = PBXBuildFile; fileRef = AD97500A1F9AFC2E00E81BB6 /* Assets.xcassets */; };
		AD97500E1F9AFC2F00E81BB6 /* LaunchScreen.storyboard in Resources */ = {isa = PBXBuildFile; fileRef = AD97500C1F9AFC2F00E81BB6 /* LaunchScreen.storyboard */; };
		AD9750171F9C5C2300E81BB6 /* Signup.storyboard in Resources */ = {isa = PBXBuildFile; fileRef = AD9750161F9C5C2200E81BB6 /* Signup.storyboard */; };
		AD9750191F9C739D00E81BB6 /* SignupViewController.swift in Sources */ = {isa = PBXBuildFile; fileRef = AD9750181F9C739D00E81BB6 /* SignupViewController.swift */; };
		AD97501C1F9C782C00E81BB6 /* Century Gothic.ttf in Resources */ = {isa = PBXBuildFile; fileRef = AD97501B1F9C782C00E81BB6 /* Century Gothic.ttf */; };
		AD97501E1F9C783800E81BB6 /* Century Gothic Bold.ttf in Resources */ = {isa = PBXBuildFile; fileRef = AD97501D1F9C783800E81BB6 /* Century Gothic Bold.ttf */; };
		AD9750211F9C7ADE00E81BB6 /* RoundedButton.swift in Sources */ = {isa = PBXBuildFile; fileRef = AD9750201F9C7ADE00E81BB6 /* RoundedButton.swift */; };
		AD9BBDE11FACE98700B5DF2B /* ContactsTableViewController.swift in Sources */ = {isa = PBXBuildFile; fileRef = AD9BBDE01FACE98700B5DF2B /* ContactsTableViewController.swift */; };
		AD9BBDE31FACF99600B5DF2B /* ContactTableViewCell.swift in Sources */ = {isa = PBXBuildFile; fileRef = AD9BBDE21FACF99600B5DF2B /* ContactTableViewCell.swift */; };
		AD9BBDE51FAD164F00B5DF2B /* ShowContactViewController.swift in Sources */ = {isa = PBXBuildFile; fileRef = AD9BBDE41FAD164F00B5DF2B /* ShowContactViewController.swift */; };
		AD9BBDE71FAEB65E00B5DF2B /* ContactCollectionViewCell.swift in Sources */ = {isa = PBXBuildFile; fileRef = AD9BBDE61FAEB65E00B5DF2B /* ContactCollectionViewCell.swift */; };
		AD9BBDEB1FAEB90200B5DF2B /* ContactsGalleryViewController.swift in Sources */ = {isa = PBXBuildFile; fileRef = AD9BBDEA1FAEB90200B5DF2B /* ContactsGalleryViewController.swift */; };
		AD9BBDED1FAEC62000B5DF2B /* ContactOverlayView.xib in Resources */ = {isa = PBXBuildFile; fileRef = AD9BBDEC1FAEC62000B5DF2B /* ContactOverlayView.xib */; };
		AD9BBDEF1FAEC79500B5DF2B /* ContactOverlayView.swift in Sources */ = {isa = PBXBuildFile; fileRef = AD9BBDEE1FAEC79500B5DF2B /* ContactOverlayView.swift */; };
		ADA5E3821F9D4AED00714837 /* User.swift in Sources */ = {isa = PBXBuildFile; fileRef = ADA5E3811F9D4AED00714837 /* User.swift */; };
		ADA5E3851F9D90D000714837 /* Constants.swift in Sources */ = {isa = PBXBuildFile; fileRef = ADA5E3841F9D90CF00714837 /* Constants.swift */; };
		ADA5E3871F9D9E1600714837 /* UserTableViewCell.swift in Sources */ = {isa = PBXBuildFile; fileRef = ADA5E3861F9D9E1600714837 /* UserTableViewCell.swift */; };
		ADA5E38A1F9DB86E00714837 /* Menu.storyboard in Resources */ = {isa = PBXBuildFile; fileRef = ADA5E3891F9DB86D00714837 /* Menu.storyboard */; };
		ADA5E38C1F9DB8C200714837 /* AssetsMenu.xcassets in Resources */ = {isa = PBXBuildFile; fileRef = ADA5E38B1F9DB8C200714837 /* AssetsMenu.xcassets */; };
		ADC709E41FC16AFB0074E666 /* ResultsViewController.swift in Sources */ = {isa = PBXBuildFile; fileRef = ADC709E31FC16AFB0074E666 /* ResultsViewController.swift */; };
		ADF9AB491FA6F5F8002F6789 /* MenuViewController.swift in Sources */ = {isa = PBXBuildFile; fileRef = ADF9AB481FA6F5F8002F6789 /* MenuViewController.swift */; };
		ADF9AB4C1FA7977D002F6789 /* ShowProfile.storyboard in Resources */ = {isa = PBXBuildFile; fileRef = ADF9AB4B1FA7977D002F6789 /* ShowProfile.storyboard */; };
		ADF9AB4E1FA797A7002F6789 /* ShowProfileViewController.swift in Sources */ = {isa = PBXBuildFile; fileRef = ADF9AB4D1FA797A7002F6789 /* ShowProfileViewController.swift */; };
		ADF9AB751FA7A38A002F6789 /* EditProfileViewController.swift in Sources */ = {isa = PBXBuildFile; fileRef = ADF9AB741FA7A38A002F6789 /* EditProfileViewController.swift */; };
/* End PBXBuildFile section */

/* Begin PBXFileReference section */
		03B2DB62BAECCC0E5D33724B /* Pods_MisRecuerdos.framework */ = {isa = PBXFileReference; explicitFileType = wrapper.framework; includeInIndex = 0; path = Pods_MisRecuerdos.framework; sourceTree = BUILT_PRODUCTS_DIR; };
		224B09E41FB36521004B1BF0 /* Events.storyboard */ = {isa = PBXFileReference; fileEncoding = 4; lastKnownFileType = file.storyboard; path = Events.storyboard; sourceTree = "<group>"; };
		224B09E81FB37365004B1BF0 /* EventsViewController.swift */ = {isa = PBXFileReference; fileEncoding = 4; lastKnownFileType = sourcecode.swift; path = EventsViewController.swift; sourceTree = "<group>"; };
		224B09EA1FB376E6004B1BF0 /* EventsTableViewController.swift */ = {isa = PBXFileReference; fileEncoding = 4; lastKnownFileType = sourcecode.swift; path = EventsTableViewController.swift; sourceTree = "<group>"; };
		224B09EC1FB37773004B1BF0 /* EventsGalleryViewController.swift */ = {isa = PBXFileReference; fileEncoding = 4; lastKnownFileType = sourcecode.swift; path = EventsGalleryViewController.swift; sourceTree = "<group>"; };
		224B09F01FB37D5B004B1BF0 /* EventCollectionViewCell.swift */ = {isa = PBXFileReference; fileEncoding = 4; lastKnownFileType = sourcecode.swift; path = EventCollectionViewCell.swift; sourceTree = "<group>"; };
		224B09F21FB37E4F004B1BF0 /* EventTableViewCell.swift */ = {isa = PBXFileReference; fileEncoding = 4; lastKnownFileType = sourcecode.swift; path = EventTableViewCell.swift; sourceTree = "<group>"; };
		224B09F41FB37F98004B1BF0 /* ShowEventViewController.swift */ = {isa = PBXFileReference; fileEncoding = 4; lastKnownFileType = sourcecode.swift; path = ShowEventViewController.swift; sourceTree = "<group>"; };
		224B09F61FB38331004B1BF0 /* Event.swift */ = {isa = PBXFileReference; fileEncoding = 4; lastKnownFileType = sourcecode.swift; path = Event.swift; sourceTree = "<group>"; };
		22582E141FB4DAB500E3BEAF /* AddEventViewController.swift */ = {isa = PBXFileReference; fileEncoding = 4; lastKnownFileType = sourcecode.swift; path = AddEventViewController.swift; sourceTree = "<group>"; };
		225842A81FBCAE09003B9F64 /* Game.storyboard */ = {isa = PBXFileReference; fileEncoding = 4; lastKnownFileType = file.storyboard; path = Game.storyboard; sourceTree = "<group>"; };
		225842AA1FBCAE19003B9F64 /* Media.xcassets */ = {isa = PBXFileReference; lastKnownFileType = folder.assetcatalog; path = Media.xcassets; sourceTree = "<group>"; };
		225842AC1FBD6052003B9F64 /* GameViewController.swift */ = {isa = PBXFileReference; fileEncoding = 4; lastKnownFileType = sourcecode.swift; path = GameViewController.swift; sourceTree = "<group>"; };
		225842AE1FBD60A4003B9F64 /* GameConfigurationViewController.swift */ = {isa = PBXFileReference; fileEncoding = 4; lastKnownFileType = sourcecode.swift; path = GameConfigurationViewController.swift; sourceTree = "<group>"; };
		225842B01FBD6B50003B9F64 /* GameQuestionsViewController.swift */ = {isa = PBXFileReference; fileEncoding = 4; lastKnownFileType = sourcecode.swift; path = GameQuestionsViewController.swift; sourceTree = "<group>"; };
		225842B21FBD742E003B9F64 /* Question.swift */ = {isa = PBXFileReference; fileEncoding = 4; lastKnownFileType = sourcecode.swift; path = Question.swift; sourceTree = "<group>"; };
		2275CD5C1FB83DC000B3BD5B /* EditEventViewController.swift */ = {isa = PBXFileReference; fileEncoding = 4; lastKnownFileType = sourcecode.swift; path = EditEventViewController.swift; sourceTree = "<group>"; };
		22E281C61FB3A664008376C1 /* EventOverlayView.swift */ = {isa = PBXFileReference; fileEncoding = 4; lastKnownFileType = sourcecode.swift; path = EventOverlayView.swift; sourceTree = "<group>"; };
		22E281C71FB3A664008376C1 /* EventOverlayView.xib */ = {isa = PBXFileReference; fileEncoding = 4; lastKnownFileType = file.xib; path = EventOverlayView.xib; sourceTree = "<group>"; };
		AD34193D1FBED00A003EA195 /* Apple Pay Success Sound Effect.mp3 */ = {isa = PBXFileReference; lastKnownFileType = audio.mp3; path = "Apple Pay Success Sound Effect.mp3"; sourceTree = "<group>"; };
		AD34193E1FBED00A003EA195 /* Correct Answer 2 Sound Effect.mp3 */ = {isa = PBXFileReference; lastKnownFileType = audio.mp3; path = "Correct Answer 2 Sound Effect.mp3"; sourceTree = "<group>"; };
		AD34193F1FBED00A003EA195 /* Correct Answer 3 Sound Effect.mp3 */ = {isa = PBXFileReference; lastKnownFileType = audio.mp3; path = "Correct Answer 3 Sound Effect.mp3"; sourceTree = "<group>"; };
		AD4ADD4D1F9D00880071C6F1 /* Login.storyboard */ = {isa = PBXFileReference; fileEncoding = 4; lastKnownFileType = file.storyboard; path = Login.storyboard; sourceTree = "<group>"; };
		AD4ADD4F1F9D04EB0071C6F1 /* LoginViewController.swift */ = {isa = PBXFileReference; fileEncoding = 4; lastKnownFileType = sourcecode.swift; path = LoginViewController.swift; sourceTree = "<group>"; };
		AD7D99931FABB86900B319D2 /* Contacts.storyboard */ = {isa = PBXFileReference; fileEncoding = 4; lastKnownFileType = file.storyboard; path = Contacts.storyboard; sourceTree = "<group>"; };
		AD7D99951FABCF3100B319D2 /* RoundedView.swift */ = {isa = PBXFileReference; fileEncoding = 4; lastKnownFileType = sourcecode.swift; path = RoundedView.swift; sourceTree = "<group>"; };
		AD7D99971FABD8E200B319D2 /* ContactsViewController.swift */ = {isa = PBXFileReference; fileEncoding = 4; lastKnownFileType = sourcecode.swift; path = ContactsViewController.swift; sourceTree = "<group>"; };
		AD7D99991FABDD6D00B319D2 /* AddContactViewController.swift */ = {isa = PBXFileReference; fileEncoding = 4; lastKnownFileType = sourcecode.swift; path = AddContactViewController.swift; sourceTree = "<group>"; };
		AD7D999B1FABE2A100B319D2 /* Contact.swift */ = {isa = PBXFileReference; fileEncoding = 4; lastKnownFileType = sourcecode.swift; path = Contact.swift; sourceTree = "<group>"; };
		AD89943D1FB0BD6800FD60AE /* EditContactViewController.swift */ = {isa = PBXFileReference; fileEncoding = 4; lastKnownFileType = sourcecode.swift; path = EditContactViewController.swift; sourceTree = "<group>"; };
		AD9750001F9AFC2300E81BB6 /* MisRecuerdos.app */ = {isa = PBXFileReference; explicitFileType = wrapper.application; includeInIndex = 0; path = MisRecuerdos.app; sourceTree = BUILT_PRODUCTS_DIR; };
		AD9750031F9AFC2400E81BB6 /* AppDelegate.swift */ = {isa = PBXFileReference; lastKnownFileType = sourcecode.swift; path = AppDelegate.swift; sourceTree = "<group>"; };
		AD9750051F9AFC2500E81BB6 /* ViewController.swift */ = {isa = PBXFileReference; lastKnownFileType = sourcecode.swift; path = ViewController.swift; sourceTree = "<group>"; };
		AD9750081F9AFC2B00E81BB6 /* Base */ = {isa = PBXFileReference; lastKnownFileType = file.storyboard; name = Base; path = Base.lproj/Main.storyboard; sourceTree = "<group>"; };
		AD97500A1F9AFC2E00E81BB6 /* Assets.xcassets */ = {isa = PBXFileReference; lastKnownFileType = folder.assetcatalog; path = Assets.xcassets; sourceTree = "<group>"; };
		AD97500D1F9AFC2F00E81BB6 /* Base */ = {isa = PBXFileReference; lastKnownFileType = file.storyboard; name = Base; path = Base.lproj/LaunchScreen.storyboard; sourceTree = "<group>"; };
		AD97500F1F9AFC3100E81BB6 /* Info.plist */ = {isa = PBXFileReference; lastKnownFileType = text.plist.xml; path = Info.plist; sourceTree = "<group>"; };
		AD9750161F9C5C2200E81BB6 /* Signup.storyboard */ = {isa = PBXFileReference; fileEncoding = 4; lastKnownFileType = file.storyboard; path = Signup.storyboard; sourceTree = "<group>"; };
		AD9750181F9C739D00E81BB6 /* SignupViewController.swift */ = {isa = PBXFileReference; fileEncoding = 4; lastKnownFileType = sourcecode.swift; path = SignupViewController.swift; sourceTree = "<group>"; };
		AD97501B1F9C782C00E81BB6 /* Century Gothic.ttf */ = {isa = PBXFileReference; lastKnownFileType = file; path = "Century Gothic.ttf"; sourceTree = "<group>"; };
		AD97501D1F9C783800E81BB6 /* Century Gothic Bold.ttf */ = {isa = PBXFileReference; lastKnownFileType = file; path = "Century Gothic Bold.ttf"; sourceTree = "<group>"; };
		AD9750201F9C7ADE00E81BB6 /* RoundedButton.swift */ = {isa = PBXFileReference; fileEncoding = 4; lastKnownFileType = sourcecode.swift; path = RoundedButton.swift; sourceTree = "<group>"; };
		AD9BBDE01FACE98700B5DF2B /* ContactsTableViewController.swift */ = {isa = PBXFileReference; fileEncoding = 4; lastKnownFileType = sourcecode.swift; path = ContactsTableViewController.swift; sourceTree = "<group>"; };
		AD9BBDE21FACF99600B5DF2B /* ContactTableViewCell.swift */ = {isa = PBXFileReference; fileEncoding = 4; lastKnownFileType = sourcecode.swift; path = ContactTableViewCell.swift; sourceTree = "<group>"; };
		AD9BBDE41FAD164F00B5DF2B /* ShowContactViewController.swift */ = {isa = PBXFileReference; fileEncoding = 4; lastKnownFileType = sourcecode.swift; path = ShowContactViewController.swift; sourceTree = "<group>"; };
		AD9BBDE61FAEB65E00B5DF2B /* ContactCollectionViewCell.swift */ = {isa = PBXFileReference; fileEncoding = 4; lastKnownFileType = sourcecode.swift; path = ContactCollectionViewCell.swift; sourceTree = "<group>"; };
		AD9BBDEA1FAEB90200B5DF2B /* ContactsGalleryViewController.swift */ = {isa = PBXFileReference; fileEncoding = 4; lastKnownFileType = sourcecode.swift; path = ContactsGalleryViewController.swift; sourceTree = "<group>"; };
		AD9BBDEC1FAEC62000B5DF2B /* ContactOverlayView.xib */ = {isa = PBXFileReference; fileEncoding = 4; lastKnownFileType = file.xib; path = ContactOverlayView.xib; sourceTree = "<group>"; };
		AD9BBDEE1FAEC79500B5DF2B /* ContactOverlayView.swift */ = {isa = PBXFileReference; fileEncoding = 4; lastKnownFileType = sourcecode.swift; path = ContactOverlayView.swift; sourceTree = "<group>"; };
		ADA5E3811F9D4AED00714837 /* User.swift */ = {isa = PBXFileReference; fileEncoding = 4; lastKnownFileType = sourcecode.swift; path = User.swift; sourceTree = "<group>"; };
		ADA5E3841F9D90CF00714837 /* Constants.swift */ = {isa = PBXFileReference; fileEncoding = 4; lastKnownFileType = sourcecode.swift; path = Constants.swift; sourceTree = "<group>"; };
		ADA5E3861F9D9E1600714837 /* UserTableViewCell.swift */ = {isa = PBXFileReference; fileEncoding = 4; lastKnownFileType = sourcecode.swift; path = UserTableViewCell.swift; sourceTree = "<group>"; };
		ADA5E3891F9DB86D00714837 /* Menu.storyboard */ = {isa = PBXFileReference; fileEncoding = 4; lastKnownFileType = file.storyboard; path = Menu.storyboard; sourceTree = "<group>"; };
		ADA5E38B1F9DB8C200714837 /* AssetsMenu.xcassets */ = {isa = PBXFileReference; lastKnownFileType = folder.assetcatalog; path = AssetsMenu.xcassets; sourceTree = "<group>"; };
		ADC709E31FC16AFB0074E666 /* ResultsViewController.swift */ = {isa = PBXFileReference; fileEncoding = 4; lastKnownFileType = sourcecode.swift; path = ResultsViewController.swift; sourceTree = "<group>"; };
		ADF9AB481FA6F5F8002F6789 /* MenuViewController.swift */ = {isa = PBXFileReference; fileEncoding = 4; lastKnownFileType = sourcecode.swift; path = MenuViewController.swift; sourceTree = "<group>"; };
		ADF9AB4B1FA7977D002F6789 /* ShowProfile.storyboard */ = {isa = PBXFileReference; fileEncoding = 4; lastKnownFileType = file.storyboard; path = ShowProfile.storyboard; sourceTree = "<group>"; };
		ADF9AB4D1FA797A7002F6789 /* ShowProfileViewController.swift */ = {isa = PBXFileReference; fileEncoding = 4; lastKnownFileType = sourcecode.swift; path = ShowProfileViewController.swift; sourceTree = "<group>"; };
		ADF9AB741FA7A38A002F6789 /* EditProfileViewController.swift */ = {isa = PBXFileReference; fileEncoding = 4; lastKnownFileType = sourcecode.swift; path = EditProfileViewController.swift; sourceTree = "<group>"; };
		B164FA49BF8E3BADE8CEEA5D /* Pods-MisRecuerdos.debug.xcconfig */ = {isa = PBXFileReference; includeInIndex = 1; lastKnownFileType = text.xcconfig; name = "Pods-MisRecuerdos.debug.xcconfig"; path = "Pods/Target Support Files/Pods-MisRecuerdos/Pods-MisRecuerdos.debug.xcconfig"; sourceTree = "<group>"; };
		EFAA2F90A9D14C7133F6980C /* Pods-MisRecuerdos.release.xcconfig */ = {isa = PBXFileReference; includeInIndex = 1; lastKnownFileType = text.xcconfig; name = "Pods-MisRecuerdos.release.xcconfig"; path = "Pods/Target Support Files/Pods-MisRecuerdos/Pods-MisRecuerdos.release.xcconfig"; sourceTree = "<group>"; };
/* End PBXFileReference section */

/* Begin PBXFrameworksBuildPhase section */
		AD974FFD1F9AFC2200E81BB6 /* Frameworks */ = {
			isa = PBXFrameworksBuildPhase;
			buildActionMask = 2147483647;
			files = (
				618136D8793AAE6BFB13F204 /* Pods_MisRecuerdos.framework in Frameworks */,
			);
			runOnlyForDeploymentPostprocessing = 0;
		};
/* End PBXFrameworksBuildPhase section */

/* Begin PBXGroup section */
		1F28DADC9C73D0483836747C /* Pods */ = {
			isa = PBXGroup;
			children = (
				B164FA49BF8E3BADE8CEEA5D /* Pods-MisRecuerdos.debug.xcconfig */,
				EFAA2F90A9D14C7133F6980C /* Pods-MisRecuerdos.release.xcconfig */,
			);
			name = Pods;
			sourceTree = "<group>";
		};
		224B09E31FB364EE004B1BF0 /* Events */ = {
			isa = PBXGroup;
			children = (
				224B09E41FB36521004B1BF0 /* Events.storyboard */,
				224B09E81FB37365004B1BF0 /* EventsViewController.swift */,
				224B09EA1FB376E6004B1BF0 /* EventsTableViewController.swift */,
				224B09EC1FB37773004B1BF0 /* EventsGalleryViewController.swift */,
				224B09F21FB37E4F004B1BF0 /* EventTableViewCell.swift */,
				224B09F01FB37D5B004B1BF0 /* EventCollectionViewCell.swift */,
				224B09F41FB37F98004B1BF0 /* ShowEventViewController.swift */,
				22E281C61FB3A664008376C1 /* EventOverlayView.swift */,
				22E281C71FB3A664008376C1 /* EventOverlayView.xib */,
				22582E141FB4DAB500E3BEAF /* AddEventViewController.swift */,
				2275CD5C1FB83DC000B3BD5B /* EditEventViewController.swift */,
			);
			name = Events;
			sourceTree = "<group>";
		};
		225842A71FBCADE4003B9F64 /* Game */ = {
			isa = PBXGroup;
			children = (
				225842A81FBCAE09003B9F64 /* Game.storyboard */,
				225842B01FBD6B50003B9F64 /* GameQuestionsViewController.swift */,
				225842AE1FBD60A4003B9F64 /* GameConfigurationViewController.swift */,
				225842AC1FBD6052003B9F64 /* GameViewController.swift */,
				ADC709E31FC16AFB0074E666 /* ResultsViewController.swift */,
				225842AA1FBCAE19003B9F64 /* Media.xcassets */,
				AD34193D1FBED00A003EA195 /* Apple Pay Success Sound Effect.mp3 */,
				AD34193E1FBED00A003EA195 /* Correct Answer 2 Sound Effect.mp3 */,
				AD34193F1FBED00A003EA195 /* Correct Answer 3 Sound Effect.mp3 */,
			);
			name = Game;
			sourceTree = "<group>";
		};
		8CE74110D4BCA4250E787AB1 /* Frameworks */ = {
			isa = PBXGroup;
			children = (
				03B2DB62BAECCC0E5D33724B /* Pods_MisRecuerdos.framework */,
			);
			name = Frameworks;
			sourceTree = "<group>";
		};
		AD4ADD4C1F9D00630071C6F1 /* Login */ = {
			isa = PBXGroup;
			children = (
				AD4ADD4D1F9D00880071C6F1 /* Login.storyboard */,
				AD4ADD4F1F9D04EB0071C6F1 /* LoginViewController.swift */,
				ADA5E3861F9D9E1600714837 /* UserTableViewCell.swift */,
			);
			name = Login;
			sourceTree = "<group>";
		};
		AD7D99921FABB61500B319D2 /* Contacts */ = {
			isa = PBXGroup;
			children = (
				AD7D99931FABB86900B319D2 /* Contacts.storyboard */,
				AD7D99991FABDD6D00B319D2 /* AddContactViewController.swift */,
				AD9BBDE61FAEB65E00B5DF2B /* ContactCollectionViewCell.swift */,
				AD7D99971FABD8E200B319D2 /* ContactsViewController.swift */,
				AD9BBDE01FACE98700B5DF2B /* ContactsTableViewController.swift */,
				AD9BBDEA1FAEB90200B5DF2B /* ContactsGalleryViewController.swift */,
				AD9BBDE21FACF99600B5DF2B /* ContactTableViewCell.swift */,
				AD89943D1FB0BD6800FD60AE /* EditContactViewController.swift */,
				AD9BBDE41FAD164F00B5DF2B /* ShowContactViewController.swift */,
				AD9BBDEC1FAEC62000B5DF2B /* ContactOverlayView.xib */,
				AD9BBDEE1FAEC79500B5DF2B /* ContactOverlayView.swift */,
			);
			name = Contacts;
			sourceTree = "<group>";
		};
		AD974FF71F9AFC2000E81BB6 = {
			isa = PBXGroup;
			children = (
				AD9750021F9AFC2300E81BB6 /* MisRecuerdos */,
				AD9750011F9AFC2300E81BB6 /* Products */,
				1F28DADC9C73D0483836747C /* Pods */,
				8CE74110D4BCA4250E787AB1 /* Frameworks */,
			);
			sourceTree = "<group>";
		};
		AD9750011F9AFC2300E81BB6 /* Products */ = {
			isa = PBXGroup;
			children = (
				AD9750001F9AFC2300E81BB6 /* MisRecuerdos.app */,
			);
			name = Products;
			sourceTree = "<group>";
		};
		AD9750021F9AFC2300E81BB6 /* MisRecuerdos */ = {
			isa = PBXGroup;
			children = (
				ADA5E3841F9D90CF00714837 /* Constants.swift */,
				AD97501F1F9C7AC900E81BB6 /* Custom Views */,
				AD97501A1F9C77CB00E81BB6 /* Resources */,
				ADA5E3801F9D4ABD00714837 /* Model */,
				AD4ADD4C1F9D00630071C6F1 /* Login */,
				AD9750151F9C5BCB00E81BB6 /* Signup */,
				ADA5E3881F9DB85900714837 /* Menu */,
				ADF9AB4A1FA79754002F6789 /* ShowProfile */,
				225842A71FBCADE4003B9F64 /* Game */,
				AD7D99921FABB61500B319D2 /* Contacts */,
				224B09E31FB364EE004B1BF0 /* Events */,
				AD9750031F9AFC2400E81BB6 /* AppDelegate.swift */,
				AD9750051F9AFC2500E81BB6 /* ViewController.swift */,
				AD9750071F9AFC2B00E81BB6 /* Main.storyboard */,
				AD97500A1F9AFC2E00E81BB6 /* Assets.xcassets */,
				AD97500C1F9AFC2F00E81BB6 /* LaunchScreen.storyboard */,
				AD97500F1F9AFC3100E81BB6 /* Info.plist */,
			);
			path = MisRecuerdos;
			sourceTree = "<group>";
		};
		AD9750151F9C5BCB00E81BB6 /* Signup */ = {
			isa = PBXGroup;
			children = (
				AD9750161F9C5C2200E81BB6 /* Signup.storyboard */,
				AD9750181F9C739D00E81BB6 /* SignupViewController.swift */,
			);
			name = Signup;
			sourceTree = "<group>";
		};
		AD97501A1F9C77CB00E81BB6 /* Resources */ = {
			isa = PBXGroup;
			children = (
				AD97501B1F9C782C00E81BB6 /* Century Gothic.ttf */,
				AD97501D1F9C783800E81BB6 /* Century Gothic Bold.ttf */,
			);
			name = Resources;
			sourceTree = "<group>";
		};
		AD97501F1F9C7AC900E81BB6 /* Custom Views */ = {
			isa = PBXGroup;
			children = (
				AD9750201F9C7ADE00E81BB6 /* RoundedButton.swift */,
				AD7D99951FABCF3100B319D2 /* RoundedView.swift */,
			);
			name = "Custom Views";
			sourceTree = "<group>";
		};
		ADA5E3801F9D4ABD00714837 /* Model */ = {
			isa = PBXGroup;
			children = (
				AD7D999B1FABE2A100B319D2 /* Contact.swift */,
				225842B21FBD742E003B9F64 /* Question.swift */,
				ADA5E3811F9D4AED00714837 /* User.swift */,
				224B09F61FB38331004B1BF0 /* Event.swift */,
			);
			name = Model;
			sourceTree = "<group>";
		};
		ADA5E3881F9DB85900714837 /* Menu */ = {
			isa = PBXGroup;
			children = (
				ADA5E3891F9DB86D00714837 /* Menu.storyboard */,
				ADF9AB481FA6F5F8002F6789 /* MenuViewController.swift */,
				ADA5E38B1F9DB8C200714837 /* AssetsMenu.xcassets */,
			);
			name = Menu;
			sourceTree = "<group>";
		};
		ADF9AB4A1FA79754002F6789 /* ShowProfile */ = {
			isa = PBXGroup;
			children = (
				ADF9AB4B1FA7977D002F6789 /* ShowProfile.storyboard */,
				ADF9AB4D1FA797A7002F6789 /* ShowProfileViewController.swift */,
				ADF9AB741FA7A38A002F6789 /* EditProfileViewController.swift */,
			);
			name = ShowProfile;
			sourceTree = "<group>";
		};
/* End PBXGroup section */

/* Begin PBXNativeTarget section */
		AD974FFF1F9AFC2200E81BB6 /* MisRecuerdos */ = {
			isa = PBXNativeTarget;
			buildConfigurationList = AD9750121F9AFC3100E81BB6 /* Build configuration list for PBXNativeTarget "MisRecuerdos" */;
			buildPhases = (
				C00CAA002D264B192B7CCE47 /* [CP] Check Pods Manifest.lock */,
				AD974FFC1F9AFC2200E81BB6 /* Sources */,
				AD974FFD1F9AFC2200E81BB6 /* Frameworks */,
				AD974FFE1F9AFC2200E81BB6 /* Resources */,
				32D528A1FDB99826718D9801 /* [CP] Embed Pods Frameworks */,
				CE470DED75D32DF04C8A3514 /* [CP] Copy Pods Resources */,
			);
			buildRules = (
			);
			dependencies = (
			);
			name = MisRecuerdos;
			productName = MisRecuerdos;
			productReference = AD9750001F9AFC2300E81BB6 /* MisRecuerdos.app */;
			productType = "com.apple.product-type.application";
		};
/* End PBXNativeTarget section */

/* Begin PBXProject section */
		AD974FF81F9AFC2000E81BB6 /* Project object */ = {
			isa = PBXProject;
			attributes = {
				LastSwiftUpdateCheck = 0830;
				LastUpgradeCheck = 0830;
				ORGANIZATIONNAME = Personal;
				TargetAttributes = {
					AD974FFF1F9AFC2200E81BB6 = {
						CreatedOnToolsVersion = 8.3.3;
						DevelopmentTeam = V884MP7EX7;
						ProvisioningStyle = Automatic;
					};
				};
			};
			buildConfigurationList = AD974FFB1F9AFC2000E81BB6 /* Build configuration list for PBXProject "MisRecuerdos" */;
			compatibilityVersion = "Xcode 3.2";
			developmentRegion = English;
			hasScannedForEncodings = 0;
			knownRegions = (
				en,
				Base,
			);
			mainGroup = AD974FF71F9AFC2000E81BB6;
			productRefGroup = AD9750011F9AFC2300E81BB6 /* Products */;
			projectDirPath = "";
			projectRoot = "";
			targets = (
				AD974FFF1F9AFC2200E81BB6 /* MisRecuerdos */,
			);
		};
/* End PBXProject section */

/* Begin PBXResourcesBuildPhase section */
		AD974FFE1F9AFC2200E81BB6 /* Resources */ = {
			isa = PBXResourcesBuildPhase;
			buildActionMask = 2147483647;
			files = (
				AD97500E1F9AFC2F00E81BB6 /* LaunchScreen.storyboard in Resources */,
				AD9BBDED1FAEC62000B5DF2B /* ContactOverlayView.xib in Resources */,
				22E281C91FB3A664008376C1 /* EventOverlayView.xib in Resources */,
				225842A91FBCAE09003B9F64 /* Game.storyboard in Resources */,
				ADA5E38C1F9DB8C200714837 /* AssetsMenu.xcassets in Resources */,
				AD97500B1F9AFC2E00E81BB6 /* Assets.xcassets in Resources */,
				AD4ADD4E1F9D00880071C6F1 /* Login.storyboard in Resources */,
				ADA5E38A1F9DB86E00714837 /* Menu.storyboard in Resources */,
				AD7D99941FABB86900B319D2 /* Contacts.storyboard in Resources */,
				ADF9AB4C1FA7977D002F6789 /* ShowProfile.storyboard in Resources */,
				225842AB1FBCAE19003B9F64 /* Media.xcassets in Resources */,
				AD97501C1F9C782C00E81BB6 /* Century Gothic.ttf in Resources */,
				AD9750171F9C5C2300E81BB6 /* Signup.storyboard in Resources */,
				AD3419411FBED00A003EA195 /* Correct Answer 2 Sound Effect.mp3 in Resources */,
				AD3419421FBED00A003EA195 /* Correct Answer 3 Sound Effect.mp3 in Resources */,
				AD3419401FBED00A003EA195 /* Apple Pay Success Sound Effect.mp3 in Resources */,
				AD97501E1F9C783800E81BB6 /* Century Gothic Bold.ttf in Resources */,
				AD9750091F9AFC2B00E81BB6 /* Main.storyboard in Resources */,
				224B09E51FB36521004B1BF0 /* Events.storyboard in Resources */,
			);
			runOnlyForDeploymentPostprocessing = 0;
		};
/* End PBXResourcesBuildPhase section */

/* Begin PBXShellScriptBuildPhase section */
		32D528A1FDB99826718D9801 /* [CP] Embed Pods Frameworks */ = {
			isa = PBXShellScriptBuildPhase;
			buildActionMask = 2147483647;
			files = (
			);
			inputPaths = (
			);
			name = "[CP] Embed Pods Frameworks";
			outputPaths = (
			);
			runOnlyForDeploymentPostprocessing = 0;
			shellPath = /bin/sh;
			shellScript = "\"${SRCROOT}/Pods/Target Support Files/Pods-MisRecuerdos/Pods-MisRecuerdos-frameworks.sh\"\n";
			showEnvVarsInLog = 0;
		};
		C00CAA002D264B192B7CCE47 /* [CP] Check Pods Manifest.lock */ = {
			isa = PBXShellScriptBuildPhase;
			buildActionMask = 2147483647;
			files = (
			);
			inputPaths = (
			);
			name = "[CP] Check Pods Manifest.lock";
			outputPaths = (
			);
			runOnlyForDeploymentPostprocessing = 0;
			shellPath = /bin/sh;
			shellScript = "diff \"${PODS_PODFILE_DIR_PATH}/Podfile.lock\" \"${PODS_ROOT}/Manifest.lock\" > /dev/null\nif [ $? != 0 ] ; then\n    # print error to STDERR\n    echo \"error: The sandbox is not in sync with the Podfile.lock. Run 'pod install' or update your CocoaPods installation.\" >&2\n    exit 1\nfi\n";
			showEnvVarsInLog = 0;
		};
		CE470DED75D32DF04C8A3514 /* [CP] Copy Pods Resources */ = {
			isa = PBXShellScriptBuildPhase;
			buildActionMask = 2147483647;
			files = (
			);
			inputPaths = (
			);
			name = "[CP] Copy Pods Resources";
			outputPaths = (
			);
			runOnlyForDeploymentPostprocessing = 0;
			shellPath = /bin/sh;
			shellScript = "\"${SRCROOT}/Pods/Target Support Files/Pods-MisRecuerdos/Pods-MisRecuerdos-resources.sh\"\n";
			showEnvVarsInLog = 0;
		};
/* End PBXShellScriptBuildPhase section */

/* Begin PBXSourcesBuildPhase section */
		AD974FFC1F9AFC2200E81BB6 /* Sources */ = {
			isa = PBXSourcesBuildPhase;
			buildActionMask = 2147483647;
			files = (
				22582E151FB4DAB500E3BEAF /* AddEventViewController.swift in Sources */,
				AD9750191F9C739D00E81BB6 /* SignupViewController.swift in Sources */,
				AD7D99981FABD8E200B319D2 /* ContactsViewController.swift in Sources */,
				22E281C81FB3A664008376C1 /* EventOverlayView.swift in Sources */,
				AD9750061F9AFC2500E81BB6 /* ViewController.swift in Sources */,
				ADA5E3821F9D4AED00714837 /* User.swift in Sources */,
				ADF9AB4E1FA797A7002F6789 /* ShowProfileViewController.swift in Sources */,
				AD9750041F9AFC2400E81BB6 /* AppDelegate.swift in Sources */,
				224B09F51FB37F98004B1BF0 /* ShowEventViewController.swift in Sources */,
				AD9BBDE11FACE98700B5DF2B /* ContactsTableViewController.swift in Sources */,
				ADF9AB491FA6F5F8002F6789 /* MenuViewController.swift in Sources */,
				225842AF1FBD60A4003B9F64 /* GameConfigurationViewController.swift in Sources */,
				ADA5E3871F9D9E1600714837 /* UserTableViewCell.swift in Sources */,
				224B09F11FB37D5B004B1BF0 /* EventCollectionViewCell.swift in Sources */,
				ADA5E3851F9D90D000714837 /* Constants.swift in Sources */,
				ADC709E41FC16AFB0074E666 /* ResultsViewController.swift in Sources */,
				225842B11FBD6B50003B9F64 /* GameQuestionsViewController.swift in Sources */,
				224B09E91FB37365004B1BF0 /* EventsViewController.swift in Sources */,
				AD9BBDE51FAD164F00B5DF2B /* ShowContactViewController.swift in Sources */,
				AD7D999A1FABDD6D00B319D2 /* AddContactViewController.swift in Sources */,
				AD9BBDEB1FAEB90200B5DF2B /* ContactsGalleryViewController.swift in Sources */,
				224B09EB1FB376E6004B1BF0 /* EventsTableViewController.swift in Sources */,
				225842B31FBD742E003B9F64 /* Question.swift in Sources */,
				AD7D99961FABCF3100B319D2 /* RoundedView.swift in Sources */,
				AD4ADD501F9D04EB0071C6F1 /* LoginViewController.swift in Sources */,
				224B09F71FB38331004B1BF0 /* Event.swift in Sources */,
				224B09F31FB37E4F004B1BF0 /* EventTableViewCell.swift in Sources */,
				AD7D999C1FABE2A100B319D2 /* Contact.swift in Sources */,
				ADF9AB751FA7A38A002F6789 /* EditProfileViewController.swift in Sources */,
				AD9750211F9C7ADE00E81BB6 /* RoundedButton.swift in Sources */,
				AD9BBDE31FACF99600B5DF2B /* ContactTableViewCell.swift in Sources */,
				AD9BBDEF1FAEC79500B5DF2B /* ContactOverlayView.swift in Sources */,
				AD9BBDE71FAEB65E00B5DF2B /* ContactCollectionViewCell.swift in Sources */,
				AD89943E1FB0BD6800FD60AE /* EditContactViewController.swift in Sources */,
				224B09ED1FB37773004B1BF0 /* EventsGalleryViewController.swift in Sources */,
				225842AD1FBD6052003B9F64 /* GameViewController.swift in Sources */,
				2275CD5D1FB83DC000B3BD5B /* EditEventViewController.swift in Sources */,
			);
			runOnlyForDeploymentPostprocessing = 0;
		};
/* End PBXSourcesBuildPhase section */

/* Begin PBXVariantGroup section */
		AD9750071F9AFC2B00E81BB6 /* Main.storyboard */ = {
			isa = PBXVariantGroup;
			children = (
				AD9750081F9AFC2B00E81BB6 /* Base */,
			);
			name = Main.storyboard;
			sourceTree = "<group>";
		};
		AD97500C1F9AFC2F00E81BB6 /* LaunchScreen.storyboard */ = {
			isa = PBXVariantGroup;
			children = (
				AD97500D1F9AFC2F00E81BB6 /* Base */,
			);
			name = LaunchScreen.storyboard;
			sourceTree = "<group>";
		};
/* End PBXVariantGroup section */

/* Begin XCBuildConfiguration section */
		AD9750101F9AFC3100E81BB6 /* Debug */ = {
			isa = XCBuildConfiguration;
			buildSettings = {
				ALWAYS_SEARCH_USER_PATHS = NO;
				CLANG_ANALYZER_NONNULL = YES;
				CLANG_ANALYZER_NUMBER_OBJECT_CONVERSION = YES_AGGRESSIVE;
				CLANG_CXX_LANGUAGE_STANDARD = "gnu++0x";
				CLANG_CXX_LIBRARY = "libc++";
				CLANG_ENABLE_MODULES = YES;
				CLANG_ENABLE_OBJC_ARC = YES;
				CLANG_WARN_BOOL_CONVERSION = YES;
				CLANG_WARN_CONSTANT_CONVERSION = YES;
				CLANG_WARN_DIRECT_OBJC_ISA_USAGE = YES_ERROR;
				CLANG_WARN_DOCUMENTATION_COMMENTS = YES;
				CLANG_WARN_EMPTY_BODY = YES;
				CLANG_WARN_ENUM_CONVERSION = YES;
				CLANG_WARN_INFINITE_RECURSION = YES;
				CLANG_WARN_INT_CONVERSION = YES;
				CLANG_WARN_OBJC_ROOT_CLASS = YES_ERROR;
				CLANG_WARN_SUSPICIOUS_MOVE = YES;
				CLANG_WARN_UNREACHABLE_CODE = YES;
				CLANG_WARN__DUPLICATE_METHOD_MATCH = YES;
				"CODE_SIGN_IDENTITY[sdk=iphoneos*]" = "iPhone Developer";
				COPY_PHASE_STRIP = NO;
				DEBUG_INFORMATION_FORMAT = dwarf;
				ENABLE_STRICT_OBJC_MSGSEND = YES;
				ENABLE_TESTABILITY = YES;
				GCC_C_LANGUAGE_STANDARD = gnu99;
				GCC_DYNAMIC_NO_PIC = NO;
				GCC_NO_COMMON_BLOCKS = YES;
				GCC_OPTIMIZATION_LEVEL = 0;
				GCC_PREPROCESSOR_DEFINITIONS = (
					"DEBUG=1",
					"$(inherited)",
				);
				GCC_WARN_64_TO_32_BIT_CONVERSION = YES;
				GCC_WARN_ABOUT_RETURN_TYPE = YES_ERROR;
				GCC_WARN_UNDECLARED_SELECTOR = YES;
				GCC_WARN_UNINITIALIZED_AUTOS = YES_AGGRESSIVE;
				GCC_WARN_UNUSED_FUNCTION = YES;
				GCC_WARN_UNUSED_VARIABLE = YES;
				IPHONEOS_DEPLOYMENT_TARGET = 10.3;
				MTL_ENABLE_DEBUG_INFO = YES;
				ONLY_ACTIVE_ARCH = YES;
				SDKROOT = iphoneos;
				SWIFT_ACTIVE_COMPILATION_CONDITIONS = DEBUG;
				SWIFT_OPTIMIZATION_LEVEL = "-Onone";
				TARGETED_DEVICE_FAMILY = "1,2";
			};
			name = Debug;
		};
		AD9750111F9AFC3100E81BB6 /* Release */ = {
			isa = XCBuildConfiguration;
			buildSettings = {
				ALWAYS_SEARCH_USER_PATHS = NO;
				CLANG_ANALYZER_NONNULL = YES;
				CLANG_ANALYZER_NUMBER_OBJECT_CONVERSION = YES_AGGRESSIVE;
				CLANG_CXX_LANGUAGE_STANDARD = "gnu++0x";
				CLANG_CXX_LIBRARY = "libc++";
				CLANG_ENABLE_MODULES = YES;
				CLANG_ENABLE_OBJC_ARC = YES;
				CLANG_WARN_BOOL_CONVERSION = YES;
				CLANG_WARN_CONSTANT_CONVERSION = YES;
				CLANG_WARN_DIRECT_OBJC_ISA_USAGE = YES_ERROR;
				CLANG_WARN_DOCUMENTATION_COMMENTS = YES;
				CLANG_WARN_EMPTY_BODY = YES;
				CLANG_WARN_ENUM_CONVERSION = YES;
				CLANG_WARN_INFINITE_RECURSION = YES;
				CLANG_WARN_INT_CONVERSION = YES;
				CLANG_WARN_OBJC_ROOT_CLASS = YES_ERROR;
				CLANG_WARN_SUSPICIOUS_MOVE = YES;
				CLANG_WARN_UNREACHABLE_CODE = YES;
				CLANG_WARN__DUPLICATE_METHOD_MATCH = YES;
				"CODE_SIGN_IDENTITY[sdk=iphoneos*]" = "iPhone Developer";
				COPY_PHASE_STRIP = NO;
				DEBUG_INFORMATION_FORMAT = "dwarf-with-dsym";
				ENABLE_NS_ASSERTIONS = NO;
				ENABLE_STRICT_OBJC_MSGSEND = YES;
				GCC_C_LANGUAGE_STANDARD = gnu99;
				GCC_NO_COMMON_BLOCKS = YES;
				GCC_WARN_64_TO_32_BIT_CONVERSION = YES;
				GCC_WARN_ABOUT_RETURN_TYPE = YES_ERROR;
				GCC_WARN_UNDECLARED_SELECTOR = YES;
				GCC_WARN_UNINITIALIZED_AUTOS = YES_AGGRESSIVE;
				GCC_WARN_UNUSED_FUNCTION = YES;
				GCC_WARN_UNUSED_VARIABLE = YES;
				IPHONEOS_DEPLOYMENT_TARGET = 10.3;
				MTL_ENABLE_DEBUG_INFO = NO;
				SDKROOT = iphoneos;
				SWIFT_OPTIMIZATION_LEVEL = "-Owholemodule";
				TARGETED_DEVICE_FAMILY = "1,2";
				VALIDATE_PRODUCT = YES;
			};
			name = Release;
		};
		AD9750131F9AFC3100E81BB6 /* Debug */ = {
			isa = XCBuildConfiguration;
			baseConfigurationReference = B164FA49BF8E3BADE8CEEA5D /* Pods-MisRecuerdos.debug.xcconfig */;
			buildSettings = {
				ASSETCATALOG_COMPILER_APPICON_NAME = AppIcon;
				DEVELOPMENT_TEAM = V884MP7EX7;
				INFOPLIST_FILE = MisRecuerdos/Info.plist;
				LD_RUNPATH_SEARCH_PATHS = "$(inherited) @executable_path/Frameworks";
				PRODUCT_BUNDLE_IDENTIFIER = edu.com.MisRecuerdos;
				PRODUCT_NAME = "$(TARGET_NAME)";
				SWIFT_VERSION = 3.0;
			};
			name = Debug;
		};
		AD9750141F9AFC3100E81BB6 /* Release */ = {
			isa = XCBuildConfiguration;
			baseConfigurationReference = EFAA2F90A9D14C7133F6980C /* Pods-MisRecuerdos.release.xcconfig */;
			buildSettings = {
				ASSETCATALOG_COMPILER_APPICON_NAME = AppIcon;
				DEVELOPMENT_TEAM = V884MP7EX7;
				INFOPLIST_FILE = MisRecuerdos/Info.plist;
				LD_RUNPATH_SEARCH_PATHS = "$(inherited) @executable_path/Frameworks";
				PRODUCT_BUNDLE_IDENTIFIER = edu.com.MisRecuerdos;
				PRODUCT_NAME = "$(TARGET_NAME)";
				SWIFT_VERSION = 3.0;
			};
			name = Release;
		};
/* End XCBuildConfiguration section */

/* Begin XCConfigurationList section */
		AD974FFB1F9AFC2000E81BB6 /* Build configuration list for PBXProject "MisRecuerdos" */ = {
			isa = XCConfigurationList;
			buildConfigurations = (
				AD9750101F9AFC3100E81BB6 /* Debug */,
				AD9750111F9AFC3100E81BB6 /* Release */,
			);
			defaultConfigurationIsVisible = 0;
			defaultConfigurationName = Release;
		};
		AD9750121F9AFC3100E81BB6 /* Build configuration list for PBXNativeTarget "MisRecuerdos" */ = {
			isa = XCConfigurationList;
			buildConfigurations = (
				AD9750131F9AFC3100E81BB6 /* Debug */,
				AD9750141F9AFC3100E81BB6 /* Release */,
			);
			defaultConfigurationIsVisible = 0;
			defaultConfigurationName = Release;
		};
/* End XCConfigurationList section */
	};
	rootObject = AD974FF81F9AFC2000E81BB6 /* Project object */;
}
